
Microsoft Visual Studio Solution File, Format Version 12.00
# Visual Studio Version 16
VisualStudioVersion = 16.0.30717.126
MinimumVisualStudioVersion = 10.0.40219.1
Project("{FAE04EC0-301F-11D3-BF4B-00C04F79EFBC}") = "CatExplore", "CatExplore\CatExplore.csproj", "{910FFBAD-F95F-44A5-BB24-3FAA2BA63340}"
EndProject
Global
	GlobalSection(SolutionConfigurationPlatforms) = preSolution
		Debug|Any CPU = Debug|Any CPU
		Release|Any CPU = Release|Any CPU
	EndGlobalSection
	GlobalSection(ProjectConfigurationPlatforms) = postSolution
		{910FFBAD-F95F-44A5-BB24-3FAA2BA63340}.Debug|Any CPU.ActiveCfg = Debug|Any CPU
		{910FFBAD-F95F-44A5-BB24-3FAA2BA63340}.Debug|Any CPU.Build.0 = Debug|Any CPU
		{910FFBAD-F95F-44A5-BB24-3FAA2BA63340}.Release|Any CPU.ActiveCfg = Release|Any CPU
		{910FFBAD-F95F-44A5-BB24-3FAA2BA63340}.Release|Any CPU.Build.0 = Release|Any CPU
	EndGlobalSection
	GlobalSection(SolutionProperties) = preSolution
		HideSolutionNode = FALSE
	EndGlobalSection
	GlobalSection(ExtensibilityGlobals) = postSolution
		SolutionGuid = {8B3D67FF-54A5-49EA-940A-7B5B7C3D9F1E}
	EndGlobalSection
EndGlobal
